
Microsoft Visual Studio Solution File, Format Version 12.00
# Visual Studio Version 17
VisualStudioVersion = 17.0.31903.59
MinimumVisualStudioVersion = 10.0.40219.1
Project("{FAE04EC0-301F-11D3-BF4B-00C04F79EFBC}") = "FoodDeliveryBackend.API", "FoodDeliveryBackend.API\FoodDeliveryBackend.API.csproj", "{D54B4D3B-9AEA-4507-9252-BEFC501A176B}"
EndProject
Project("{FAE04EC0-301F-11D3-BF4B-00C04F79EFBC}") = "FoodDeliveryBackend.Core", "FoodDeliveryBackend.Core\FoodDeliveryBackend.Core.csproj", "{E6FA1706-21A3-4E9A-A862-79B0F29F2449}"
EndProject
Project("{FAE04EC0-301F-11D3-BF4B-00C04F79EFBC}") = "FoodDeliveryBackend.Infrastructure", "FoodDeliveryBackend.Infrastructure\FoodDeliveryBackend.Infrastructure.csproj", "{10C5F2CF-2CE3-4C6A-A275-9783428AAE10}"
EndProject
Global
	GlobalSection(SolutionConfigurationPlatforms) = preSolution
		Debug|Any CPU = Debug|Any CPU
		Debug|x64 = Debug|x64
		Debug|x86 = Debug|x86
		Release|Any CPU = Release|Any CPU
		Release|x64 = Release|x64
		Release|x86 = Release|x86
	EndGlobalSection
	GlobalSection(ProjectConfigurationPlatforms) = postSolution
		{D54B4D3B-9AEA-4507-9252-BEFC501A176B}.Debug|Any CPU.ActiveCfg = Debug|Any CPU
		{D54B4D3B-9AEA-4507-9252-BEFC501A176B}.Debug|Any CPU.Build.0 = Debug|Any CPU
		{D54B4D3B-9AEA-4507-9252-BEFC501A176B}.Debug|x64.ActiveCfg = Debug|Any CPU
		{D54B4D3B-9AEA-4507-9252-BEFC501A176B}.Debug|x64.Build.0 = Debug|Any CPU
		{D54B4D3B-9AEA-4507-9252-BEFC501A176B}.Debug|x86.ActiveCfg = Debug|Any CPU
		{D54B4D3B-9AEA-4507-9252-BEFC501A176B}.Debug|x86.Build.0 = Debug|Any CPU
		{D54B4D3B-9AEA-4507-9252-BEFC501A176B}.Release|Any CPU.ActiveCfg = Release|Any CPU
		{D54B4D3B-9AEA-4507-9252-BEFC501A176B}.Release|Any CPU.Build.0 = Release|Any CPU
		{D54B4D3B-9AEA-4507-9252-BEFC501A176B}.Release|x64.ActiveCfg = Release|Any CPU
		{D54B4D3B-9AEA-4507-9252-BEFC501A176B}.Release|x64.Build.0 = Release|Any CPU
		{D54B4D3B-9AEA-4507-9252-BEFC501A176B}.Release|x86.ActiveCfg = Release|Any CPU
		{D54B4D3B-9AEA-4507-9252-BEFC501A176B}.Release|x86.Build.0 = Release|Any CPU
		{E6FA1706-21A3-4E9A-A862-79B0F29F2449}.Debug|Any CPU.ActiveCfg = Debug|Any CPU
		{E6FA1706-21A3-4E9A-A862-79B0F29F2449}.Debug|Any CPU.Build.0 = Debug|Any CPU
		{E6FA1706-21A3-4E9A-A862-79B0F29F2449}.Debug|x64.ActiveCfg = Debug|Any CPU
		{E6FA1706-21A3-4E9A-A862-79B0F29F2449}.Debug|x64.Build.0 = Debug|Any CPU
		{E6FA1706-21A3-4E9A-A862-79B0F29F2449}.Debug|x86.ActiveCfg = Debug|Any CPU
		{E6FA1706-21A3-4E9A-A862-79B0F29F2449}.Debug|x86.Build.0 = Debug|Any CPU
		{E6FA1706-21A3-4E9A-A862-79B0F29F2449}.Release|Any CPU.ActiveCfg = Release|Any CPU
		{E6FA1706-21A3-4E9A-A862-79B0F29F2449}.Release|Any CPU.Build.0 = Release|Any CPU
		{E6FA1706-21A3-4E9A-A862-79B0F29F2449}.Release|x64.ActiveCfg = Release|Any CPU
		{E6FA1706-21A3-4E9A-A862-79B0F29F2449}.Release|x64.Build.0 = Release|Any CPU
		{E6FA1706-21A3-4E9A-A862-79B0F29F2449}.Release|x86.ActiveCfg = Release|Any CPU
		{E6FA1706-21A3-4E9A-A862-79B0F29F2449}.Release|x86.Build.0 = Release|Any CPU
		{10C5F2CF-2CE3-4C6A-A275-9783428AAE10}.Debug|Any CPU.ActiveCfg = Debug|Any CPU
		{10C5F2CF-2CE3-4C6A-A275-9783428AAE10}.Debug|Any CPU.Build.0 = Debug|Any CPU
		{10C5F2CF-2CE3-4C6A-A275-9783428AAE10}.Debug|x64.ActiveCfg = Debug|Any CPU
		{10C5F2CF-2CE3-4C6A-A275-9783428AAE10}.Debug|x64.Build.0 = Debug|Any CPU
		{10C5F2CF-2CE3-4C6A-A275-9783428AAE10}.Debug|x86.ActiveCfg = Debug|Any CPU
		{10C5F2CF-2CE3-4C6A-A275-9783428AAE10}.Debug|x86.Build.0 = Debug|Any CPU
		{10C5F2CF-2CE3-4C6A-A275-9783428AAE10}.Release|Any CPU.ActiveCfg = Release|Any CPU
		{10C5F2CF-2CE3-4C6A-A275-9783428AAE10}.Release|Any CPU.Build.0 = Release|Any CPU
		{10C5F2CF-2CE3-4C6A-A275-9783428AAE10}.Release|x64.ActiveCfg = Release|Any CPU
		{10C5F2CF-2CE3-4C6A-A275-9783428AAE10}.Release|x64.Build.0 = Release|Any CPU
		{10C5F2CF-2CE3-4C6A-A275-9783428AAE10}.Release|x86.ActiveCfg = Release|Any CPU
		{10C5F2CF-2CE3-4C6A-A275-9783428AAE10}.Release|x86.Build.0 = Release|Any CPU
	EndGlobalSection
	GlobalSection(SolutionProperties) = preSolution
		HideSolutionNode = FALSE
	EndGlobalSection
EndGlobal
